{
  "name": "electron-react-boilerplate",
  "version": "2.3.0",
  "lockfileVersion": 2,
  "requires": true,
  "packages": {
    "": {
      "name": "electron-react-boilerplate",
      "version": "2.3.0",
      "hasInstallScript": true,
      "license": "MIT",
      "devDependencies": {
        "@types/core-js": "^2.5.5",
        "@types/regenerator-runtime": "^0.13.1"
      }
    },
    "node_modules/@types/core-js": {
      "version": "2.5.5",
      "resolved": "https://registry.npmjs.org/@types/core-js/-/core-js-2.5.5.tgz",
      "integrity": "sha512-C4vwOHrhsvxn7UFyk4NDQNUpgNKdWsT/bL39UWyD75KSEOObZSKa9mYDOCM5FGeJG2qtbG0XiEbUKND2+j0WOg==",
      "dev": true
    },
    "node_modules/@types/regenerator-runtime": {
      "version": "0.13.1",
      "resolved": "https://registry.npmjs.org/@types/regenerator-runtime/-/regenerator-runtime-0.13.1.tgz",
      "integrity": "sha512-Wr4Kopo+zs7kl1mxveVrP7Hl5nEzauQKdSNFN5Eg27Ze11MAgJYKgidYc9AAkQzGXXWH9lqVzPbXUGH6M8VY6g==",
      "dev": true
    }
  },
  "dependencies": {
    "@types/core-js": {
      "version": "2.5.5",
      "resolved": "https://registry.npmjs.org/@types/core-js/-/core-js-2.5.5.tgz",
      "integrity": "sha512-C4vwOHrhsvxn7UFyk4NDQNUpgNKdWsT/bL39UWyD75KSEOObZSKa9mYDOCM5FGeJG2qtbG0XiEbUKND2+j0WOg==",
      "dev": true
    },
    "@types/regenerator-runtime": {
      "version": "0.13.1",
      "resolved": "https://registry.npmjs.org/@types/regenerator-runtime/-/regenerator-runtime-0.13.1.tgz",
      "integrity": "sha512-Wr4Kopo+zs7kl1mxveVrP7Hl5nEzauQKdSNFN5Eg27Ze11MAgJYKgidYc9AAkQzGXXWH9lqVzPbXUGH6M8VY6g==",
      "dev": true
    }
  }
}
