# THIS IS AN AUTOGENERATED FILE. DO NOT EDIT THIS FILE DIRECTLY.
# yarn lockfile v1


"@types/core-js@^2.5.5":
  "integrity" "sha512-C4vwOHrhsvxn7UFyk4NDQNUpgNKdWsT/bL39UWyD75KSEOObZSKa9mYDOCM5FGeJG2qtbG0XiEbUKND2+j0WOg=="
  "resolved" "https://registry.npmjs.org/@types/core-js/-/core-js-2.5.5.tgz"
  "version" "2.5.5"

"@types/regenerator-runtime@^0.13.1":
  "integrity" "sha512-Wr4Kopo+zs7kl1mxveVrP7Hl5nEzauQKdSNFN5Eg27Ze11MAgJYKgidYc9AAkQzGXXWH9lqVzPbXUGH6M8VY6g=="
  "resolved" "https://registry.npmjs.org/@types/regenerator-runtime/-/regenerator-runtime-0.13.1.tgz"
  "version" "0.13.1"
